// !$*UTF8*$!
{
	archiveVersion = 1;
	classes = {
	};
	objectVersion = 77;
	objects = {

/* Begin PBXBuildFile section */
		BF06CBB72CD5ED6E00307AA9 /* QuoteView.swift in Sources */ = {isa = PBXBuildFile; fileRef = BF06CBB62CD5ED6E00307AA9 /* QuoteView.swift */; };
		BF06CBB92CD60CCF00307AA9 /* RandomCharacterView.swift in Sources */ = {isa = PBXBuildFile; fileRef = BF06CBB82CD60CCF00307AA9 /* RandomCharacterView.swift */; };
		BF2DDD9F2CD21C98003B97C4 /* BBQuotes17App.swift in Sources */ = {isa = PBXBuildFile; fileRef = BF2DDD9C2CD21C98003B97C4 /* BBQuotes17App.swift */; };
		BF2DDDA02CD21C98003B97C4 /* ContentView.swift in Sources */ = {isa = PBXBuildFile; fileRef = BF2DDD9D2CD21C98003B97C4 /* ContentView.swift */; };
		BF2DDDA12CD21C98003B97C4 /* Preview Assets.xcassets in Resources */ = {isa = PBXBuildFile; fileRef = BF2DDD992CD21C98003B97C4 /* Preview Assets.xcassets */; };
		BF2DDDA22CD21C98003B97C4 /* Assets.xcassets in Resources */ = {isa = PBXBuildFile; fileRef = BF2DDD9B2CD21C98003B97C4 /* Assets.xcassets */; };
		BF2DDDA72CD21CD3003B97C4 /* samplequote.json in Resources */ = {isa = PBXBuildFile; fileRef = BF2DDDA62CD21CD3003B97C4 /* samplequote.json */; };
		BF2DDDA82CD21CD3003B97C4 /* sampledeath.json in Resources */ = {isa = PBXBuildFile; fileRef = BF2DDDA52CD21CD3003B97C4 /* sampledeath.json */; };
		BF2DDDA92CD21CD3003B97C4 /* samplecharacter.json in Resources */ = {isa = PBXBuildFile; fileRef = BF2DDDA42CD21CD3003B97C4 /* samplecharacter.json */; };
		BF2DDDAB2CD2222F003B97C4 /* Quote.swift in Sources */ = {isa = PBXBuildFile; fileRef = BF2DDDAA2CD2222F003B97C4 /* Quote.swift */; };
		BF2DDDAD2CD222E1003B97C4 /* Character.swift in Sources */ = {isa = PBXBuildFile; fileRef = BF2DDDAC2CD222E1003B97C4 /* Character.swift */; };
		BF2DDDAF2CD22400003B97C4 /* Death.swift in Sources */ = {isa = PBXBuildFile; fileRef = BF2DDDAE2CD22400003B97C4 /* Death.swift */; };
		BFCF0BE82CD49BC700C8EF51 /* CharacterDetailView.swift in Sources */ = {isa = PBXBuildFile; fileRef = BFCF0BE72CD49BC700C8EF51 /* CharacterDetailView.swift */; };
		BFCF0BEA2CD4ACE400C8EF51 /* sampleepisode.json in Resources */ = {isa = PBXBuildFile; fileRef = BFCF0BE92CD4ACE400C8EF51 /* sampleepisode.json */; };
		BFCF0BEC2CD4B65200C8EF51 /* StringExt.swift in Sources */ = {isa = PBXBuildFile; fileRef = BFCF0BEB2CD4B65200C8EF51 /* StringExt.swift */; };
		BFCF0BEE2CD4B87100C8EF51 /* Constants.swift in Sources */ = {isa = PBXBuildFile; fileRef = BFCF0BED2CD4B87100C8EF51 /* Constants.swift */; };
		BFCF0BF02CD4BB3200C8EF51 /* Episode.swift in Sources */ = {isa = PBXBuildFile; fileRef = BFCF0BEF2CD4BB3200C8EF51 /* Episode.swift */; };
		BFCF0BF22CD4C61500C8EF51 /* EpisodeView.swift in Sources */ = {isa = PBXBuildFile; fileRef = BFCF0BF12CD4C61500C8EF51 /* EpisodeView.swift */; };
		BFDA105F2CD32A11005B61A2 /* FetchService.swift in Sources */ = {isa = PBXBuildFile; fileRef = BFDA105E2CD32A11005B61A2 /* FetchService.swift */; };
		BFDA10612CD33A50005B61A2 /* ViewModel.swift in Sources */ = {isa = PBXBuildFile; fileRef = BFDA10602CD33A50005B61A2 /* ViewModel.swift */; };
		BFDA10632CD35E2C005B61A2 /* FetchView.swift in Sources */ = {isa = PBXBuildFile; fileRef = BFDA10622CD35E2C005B61A2 /* FetchView.swift */; };
/* End PBXBuildFile section */

/* Begin PBXFileReference section */
		BF06CBB62CD5ED6E00307AA9 /* QuoteView.swift */ = {isa = PBXFileReference; lastKnownFileType = sourcecode.swift; path = QuoteView.swift; sourceTree = "<group>"; };
		BF06CBB82CD60CCF00307AA9 /* RandomCharacterView.swift */ = {isa = PBXFileReference; lastKnownFileType = sourcecode.swift; path = RandomCharacterView.swift; sourceTree = "<group>"; };
		BF2DDD882CD21C18003B97C4 /* BBQuotes17.app */ = {isa = PBXFileReference; explicitFileType = wrapper.application; includeInIndex = 0; path = BBQuotes17.app; sourceTree = BUILT_PRODUCTS_DIR; };
		BF2DDD992CD21C98003B97C4 /* Preview Assets.xcassets */ = {isa = PBXFileReference; lastKnownFileType = folder.assetcatalog; path = "Preview Assets.xcassets"; sourceTree = "<group>"; };
		BF2DDD9B2CD21C98003B97C4 /* Assets.xcassets */ = {isa = PBXFileReference; lastKnownFileType = folder.assetcatalog; path = Assets.xcassets; sourceTree = "<group>"; };
		BF2DDD9C2CD21C98003B97C4 /* BBQuotes17App.swift */ = {isa = PBXFileReference; lastKnownFileType = sourcecode.swift; path = BBQuotes17App.swift; sourceTree = "<group>"; };
		BF2DDD9D2CD21C98003B97C4 /* ContentView.swift */ = {isa = PBXFileReference; lastKnownFileType = sourcecode.swift; path = ContentView.swift; sourceTree = "<group>"; };
		BF2DDDA42CD21CD3003B97C4 /* samplecharacter.json */ = {isa = PBXFileReference; lastKnownFileType = text.json; path = samplecharacter.json; sourceTree = "<group>"; };
		BF2DDDA52CD21CD3003B97C4 /* sampledeath.json */ = {isa = PBXFileReference; lastKnownFileType = text.json; path = sampledeath.json; sourceTree = "<group>"; };
		BF2DDDA62CD21CD3003B97C4 /* samplequote.json */ = {isa = PBXFileReference; lastKnownFileType = text.json; path = samplequote.json; sourceTree = "<group>"; };
		BF2DDDAA2CD2222F003B97C4 /* Quote.swift */ = {isa = PBXFileReference; lastKnownFileType = sourcecode.swift; path = Quote.swift; sourceTree = "<group>"; };
		BF2DDDAC2CD222E1003B97C4 /* Character.swift */ = {isa = PBXFileReference; lastKnownFileType = sourcecode.swift; path = Character.swift; sourceTree = "<group>"; };
		BF2DDDAE2CD22400003B97C4 /* Death.swift */ = {isa = PBXFileReference; lastKnownFileType = sourcecode.swift; path = Death.swift; sourceTree = "<group>"; };
		BFCF0BE72CD49BC700C8EF51 /* CharacterDetailView.swift */ = {isa = PBXFileReference; lastKnownFileType = sourcecode.swift; path = CharacterDetailView.swift; sourceTree = "<group>"; };
		BFCF0BE92CD4ACE400C8EF51 /* sampleepisode.json */ = {isa = PBXFileReference; lastKnownFileType = text.json; path = sampleepisode.json; sourceTree = "<group>"; };
		BFCF0BEB2CD4B65200C8EF51 /* StringExt.swift */ = {isa = PBXFileReference; lastKnownFileType = sourcecode.swift; path = StringExt.swift; sourceTree = "<group>"; };
		BFCF0BED2CD4B87100C8EF51 /* Constants.swift */ = {isa = PBXFileReference; lastKnownFileType = sourcecode.swift; path = Constants.swift; sourceTree = "<group>"; };
		BFCF0BEF2CD4BB3200C8EF51 /* Episode.swift */ = {isa = PBXFileReference; lastKnownFileType = sourcecode.swift; path = Episode.swift; sourceTree = "<group>"; };
		BFCF0BF12CD4C61500C8EF51 /* EpisodeView.swift */ = {isa = PBXFileReference; lastKnownFileType = sourcecode.swift; path = EpisodeView.swift; sourceTree = "<group>"; };
		BFDA105E2CD32A11005B61A2 /* FetchService.swift */ = {isa = PBXFileReference; lastKnownFileType = sourcecode.swift; path = FetchService.swift; sourceTree = "<group>"; };
		BFDA10602CD33A50005B61A2 /* ViewModel.swift */ = {isa = PBXFileReference; lastKnownFileType = sourcecode.swift; path = ViewModel.swift; sourceTree = "<group>"; };
		BFDA10622CD35E2C005B61A2 /* FetchView.swift */ = {isa = PBXFileReference; lastKnownFileType = sourcecode.swift; path = FetchView.swift; sourceTree = "<group>"; };
/* End PBXFileReference section */

/* Begin PBXFrameworksBuildPhase section */
		BF2DDD852CD21C18003B97C4 /* Frameworks */ = {
			isa = PBXFrameworksBuildPhase;
			buildActionMask = 2147483647;
			files = (
			);
			runOnlyForDeploymentPostprocessing = 0;
		};
/* End PBXFrameworksBuildPhase section */

/* Begin PBXGroup section */
		BF2DDD7F2CD21C18003B97C4 = {
			isa = PBXGroup;
			children = (
				BF2DDD9E2CD21C98003B97C4 /* BBQuotes17 */,
				BF2DDD892CD21C18003B97C4 /* Products */,
			);
			sourceTree = "<group>";
		};
		BF2DDD892CD21C18003B97C4 /* Products */ = {
			isa = PBXGroup;
			children = (
				BF2DDD882CD21C18003B97C4 /* BBQuotes17.app */,
			);
			name = Products;
			sourceTree = "<group>";
		};
		BF2DDD9A2CD21C98003B97C4 /* Preview Content */ = {
			isa = PBXGroup;
			children = (
				BF2DDD992CD21C98003B97C4 /* Preview Assets.xcassets */,
			);
			path = "Preview Content";
			sourceTree = "<group>";
		};
		BF2DDD9E2CD21C98003B97C4 /* BBQuotes17 */ = {
			isa = PBXGroup;
			children = (
				BF2DDDA32CD21CAC003B97C4 /* Sample Data */,
				BF2DDD9B2CD21C98003B97C4 /* Assets.xcassets */,
				BF2DDD9C2CD21C98003B97C4 /* BBQuotes17App.swift */,
				BF2DDD9D2CD21C98003B97C4 /* ContentView.swift */,
				BFDA10622CD35E2C005B61A2 /* FetchView.swift */,
				BF06CBB62CD5ED6E00307AA9 /* QuoteView.swift */,
				BFCF0BF12CD4C61500C8EF51 /* EpisodeView.swift */,
				BFCF0BE72CD49BC700C8EF51 /* CharacterDetailView.swift */,
				BF06CBB82CD60CCF00307AA9 /* RandomCharacterView.swift */,
				BFDA10602CD33A50005B61A2 /* ViewModel.swift */,
				BFDA105E2CD32A11005B61A2 /* FetchService.swift */,
				BF2DDDAA2CD2222F003B97C4 /* Quote.swift */,
				BF2DDDAC2CD222E1003B97C4 /* Character.swift */,
				BF2DDDAE2CD22400003B97C4 /* Death.swift */,
				BFCF0BEF2CD4BB3200C8EF51 /* Episode.swift */,
				BFCF0BEB2CD4B65200C8EF51 /* StringExt.swift */,
				BFCF0BED2CD4B87100C8EF51 /* Constants.swift */,
				BF2DDD9A2CD21C98003B97C4 /* Preview Content */,
			);
			path = BBQuotes17;
			sourceTree = "<group>";
		};
		BF2DDDA32CD21CAC003B97C4 /* Sample Data */ = {
			isa = PBXGroup;
			children = (
				BF2DDDA42CD21CD3003B97C4 /* samplecharacter.json */,
				BF2DDDA52CD21CD3003B97C4 /* sampledeath.json */,
				BF2DDDA62CD21CD3003B97C4 /* samplequote.json */,
				BFCF0BE92CD4ACE400C8EF51 /* sampleepisode.json */,
			);
			path = "Sample Data";
			sourceTree = "<group>";
		};
/* End PBXGroup section */

/* Begin PBXNativeTarget section */
		BF2DDD872CD21C18003B97C4 /* BBQuotes17 */ = {
			isa = PBXNativeTarget;
			buildConfigurationList = BF2DDD962CD21C1A003B97C4 /* Build configuration list for PBXNativeTarget "BBQuotes17" */;
			buildPhases = (
				BF2DDD842CD21C18003B97C4 /* Sources */,
				BF2DDD852CD21C18003B97C4 /* Frameworks */,
				BF2DDD862CD21C18003B97C4 /* Resources */,
			);
			buildRules = (
			);
			dependencies = (
			);
			name = BBQuotes17;
			packageProductDependencies = (
			);
			productName = BBQuotes17;
			productReference = BF2DDD882CD21C18003B97C4 /* BBQuotes17.app */;
			productType = "com.apple.product-type.application";
		};
/* End PBXNativeTarget section */

/* Begin PBXProject section */
		BF2DDD802CD21C18003B97C4 /* Project object */ = {
			isa = PBXProject;
			attributes = {
				BuildIndependentTargetsInParallel = 1;
				LastSwiftUpdateCheck = 1600;
				LastUpgradeCheck = 1600;
				TargetAttributes = {
					BF2DDD872CD21C18003B97C4 = {
						CreatedOnToolsVersion = 16.0;
					};
				};
			};
			buildConfigurationList = BF2DDD832CD21C18003B97C4 /* Build configuration list for PBXProject "BBQuotes17" */;
			developmentRegion = en;
			hasScannedForEncodings = 0;
			knownRegions = (
				en,
				Base,
			);
			mainGroup = BF2DDD7F2CD21C18003B97C4;
			minimizedProjectReferenceProxies = 1;
			preferredProjectObjectVersion = 77;
			productRefGroup = BF2DDD892CD21C18003B97C4 /* Products */;
			projectDirPath = "";
			projectRoot = "";
			targets = (
				BF2DDD872CD21C18003B97C4 /* BBQuotes17 */,
			);
		};
/* End PBXProject section */

/* Begin PBXResourcesBuildPhase section */
		BF2DDD862CD21C18003B97C4 /* Resources */ = {
			isa = PBXResourcesBuildPhase;
			buildActionMask = 2147483647;
			files = (
				BF2DDDA12CD21C98003B97C4 /* Preview Assets.xcassets in Resources */,
				BFCF0BEA2CD4ACE400C8EF51 /* sampleepisode.json in Resources */,
				BF2DDDA72CD21CD3003B97C4 /* samplequote.json in Resources */,
				BF2DDDA82CD21CD3003B97C4 /* sampledeath.json in Resources */,
				BF2DDDA92CD21CD3003B97C4 /* samplecharacter.json in Resources */,
				BF2DDDA22CD21C98003B97C4 /* Assets.xcassets in Resources */,
			);
			runOnlyForDeploymentPostprocessing = 0;
		};
/* End PBXResourcesBuildPhase section */

/* Begin PBXSourcesBuildPhase section */
		BF2DDD842CD21C18003B97C4 /* Sources */ = {
			isa = PBXSourcesBuildPhase;
			buildActionMask = 2147483647;
			files = (
				BF2DDDAF2CD22400003B97C4 /* Death.swift in Sources */,
				BFCF0BF02CD4BB3200C8EF51 /* Episode.swift in Sources */,
				BFCF0BEE2CD4B87100C8EF51 /* Constants.swift in Sources */,
				BFCF0BF22CD4C61500C8EF51 /* EpisodeView.swift in Sources */,
				BF2DDD9F2CD21C98003B97C4 /* BBQuotes17App.swift in Sources */,
				BF06CBB92CD60CCF00307AA9 /* RandomCharacterView.swift in Sources */,
				BF2DDDAB2CD2222F003B97C4 /* Quote.swift in Sources */,
				BFDA10632CD35E2C005B61A2 /* FetchView.swift in Sources */,
				BFCF0BEC2CD4B65200C8EF51 /* StringExt.swift in Sources */,
				BF2DDDA02CD21C98003B97C4 /* ContentView.swift in Sources */,
				BFDA105F2CD32A11005B61A2 /* FetchService.swift in Sources */,
				BFCF0BE82CD49BC700C8EF51 /* CharacterDetailView.swift in Sources */,
				BF06CBB72CD5ED6E00307AA9 /* QuoteView.swift in Sources */,
				BF2DDDAD2CD222E1003B97C4 /* Character.swift in Sources */,
				BFDA10612CD33A50005B61A2 /* ViewModel.swift in Sources */,
			);
			runOnlyForDeploymentPostprocessing = 0;
		};
/* End PBXSourcesBuildPhase section */

/* Begin XCBuildConfiguration section */
		BF2DDD942CD21C1A003B97C4 /* Debug */ = {
			isa = XCBuildConfiguration;
			buildSettings = {
				ALWAYS_SEARCH_USER_PATHS = NO;
				ASSETCATALOG_COMPILER_GENERATE_SWIFT_ASSET_SYMBOL_EXTENSIONS = YES;
				CLANG_ANALYZER_NONNULL = YES;
				CLANG_ANALYZER_NUMBER_OBJECT_CONVERSION = YES_AGGRESSIVE;
				CLANG_CXX_LANGUAGE_STANDARD = "gnu++20";
				CLANG_ENABLE_MODULES = YES;
				CLANG_ENABLE_OBJC_ARC = YES;
				CLANG_ENABLE_OBJC_WEAK = YES;
				CLANG_WARN_BLOCK_CAPTURE_AUTORELEASING = YES;
				CLANG_WARN_BOOL_CONVERSION = YES;
				CLANG_WARN_COMMA = YES;
				CLANG_WARN_CONSTANT_CONVERSION = YES;
				CLANG_WARN_DEPRECATED_OBJC_IMPLEMENTATIONS = YES;
				CLANG_WARN_DIRECT_OBJC_ISA_USAGE = YES_ERROR;
				CLANG_WARN_DOCUMENTATION_COMMENTS = YES;
				CLANG_WARN_EMPTY_BODY = YES;
				CLANG_WARN_ENUM_CONVERSION = YES;
				CLANG_WARN_INFINITE_RECURSION = YES;
				CLANG_WARN_INT_CONVERSION = YES;
				CLANG_WARN_NON_LITERAL_NULL_CONVERSION = YES;
				CLANG_WARN_OBJC_IMPLICIT_RETAIN_SELF = YES;
				CLANG_WARN_OBJC_LITERAL_CONVERSION = YES;
				CLANG_WARN_OBJC_ROOT_CLASS = YES_ERROR;
				CLANG_WARN_QUOTED_INCLUDE_IN_FRAMEWORK_HEADER = YES;
				CLANG_WARN_RANGE_LOOP_ANALYSIS = YES;
				CLANG_WARN_STRICT_PROTOTYPES = YES;
				CLANG_WARN_SUSPICIOUS_MOVE = YES;
				CLANG_WARN_UNGUARDED_AVAILABILITY = YES_AGGRESSIVE;
				CLANG_WARN_UNREACHABLE_CODE = YES;
				CLANG_WARN__DUPLICATE_METHOD_MATCH = YES;
				COPY_PHASE_STRIP = NO;
				DEBUG_INFORMATION_FORMAT = dwarf;
				ENABLE_STRICT_OBJC_MSGSEND = YES;
				ENABLE_TESTABILITY = YES;
				ENABLE_USER_SCRIPT_SANDBOXING = YES;
				GCC_C_LANGUAGE_STANDARD = gnu17;
				GCC_DYNAMIC_NO_PIC = NO;
				GCC_NO_COMMON_BLOCKS = YES;
				GCC_OPTIMIZATION_LEVEL = 0;
				GCC_PREPROCESSOR_DEFINITIONS = (
					"DEBUG=1",
					"$(inherited)",
				);
				GCC_WARN_64_TO_32_BIT_CONVERSION = YES;
				GCC_WARN_ABOUT_RETURN_TYPE = YES_ERROR;
				GCC_WARN_UNDECLARED_SELECTOR = YES;
				GCC_WARN_UNINITIALIZED_AUTOS = YES_AGGRESSIVE;
				GCC_WARN_UNUSED_FUNCTION = YES;
				GCC_WARN_UNUSED_VARIABLE = YES;
				IPHONEOS_DEPLOYMENT_TARGET = 18.0;
				LOCALIZATION_PREFERS_STRING_CATALOGS = YES;
				MTL_ENABLE_DEBUG_INFO = INCLUDE_SOURCE;
				MTL_FAST_MATH = YES;
				ONLY_ACTIVE_ARCH = YES;
				SDKROOT = iphoneos;
				SWIFT_ACTIVE_COMPILATION_CONDITIONS = "DEBUG $(inherited)";
				SWIFT_OPTIMIZATION_LEVEL = "-Onone";
			};
			name = Debug;
		};
		BF2DDD952CD21C1A003B97C4 /* Release */ = {
			isa = XCBuildConfiguration;
			buildSettings = {
				ALWAYS_SEARCH_USER_PATHS = NO;
				ASSETCATALOG_COMPILER_GENERATE_SWIFT_ASSET_SYMBOL_EXTENSIONS = YES;
				CLANG_ANALYZER_NONNULL = YES;
				CLANG_ANALYZER_NUMBER_OBJECT_CONVERSION = YES_AGGRESSIVE;
				CLANG_CXX_LANGUAGE_STANDARD = "gnu++20";
				CLANG_ENABLE_MODULES = YES;
				CLANG_ENABLE_OBJC_ARC = YES;
				CLANG_ENABLE_OBJC_WEAK = YES;
				CLANG_WARN_BLOCK_CAPTURE_AUTORELEASING = YES;
				CLANG_WARN_BOOL_CONVERSION = YES;
				CLANG_WARN_COMMA = YES;
				CLANG_WARN_CONSTANT_CONVERSION = YES;
				CLANG_WARN_DEPRECATED_OBJC_IMPLEMENTATIONS = YES;
				CLANG_WARN_DIRECT_OBJC_ISA_USAGE = YES_ERROR;
				CLANG_WARN_DOCUMENTATION_COMMENTS = YES;
				CLANG_WARN_EMPTY_BODY = YES;
				CLANG_WARN_ENUM_CONVERSION = YES;
				CLANG_WARN_INFINITE_RECURSION = YES;
				CLANG_WARN_INT_CONVERSION = YES;
				CLANG_WARN_NON_LITERAL_NULL_CONVERSION = YES;
				CLANG_WARN_OBJC_IMPLICIT_RETAIN_SELF = YES;
				CLANG_WARN_OBJC_LITERAL_CONVERSION = YES;
				CLANG_WARN_OBJC_ROOT_CLASS = YES_ERROR;
				CLANG_WARN_QUOTED_INCLUDE_IN_FRAMEWORK_HEADER = YES;
				CLANG_WARN_RANGE_LOOP_ANALYSIS = YES;
				CLANG_WARN_STRICT_PROTOTYPES = YES;
				CLANG_WARN_SUSPICIOUS_MOVE = YES;
				CLANG_WARN_UNGUARDED_AVAILABILITY = YES_AGGRESSIVE;
				CLANG_WARN_UNREACHABLE_CODE = YES;
				CLANG_WARN__DUPLICATE_METHOD_MATCH = YES;
				COPY_PHASE_STRIP = NO;
				DEBUG_INFORMATION_FORMAT = "dwarf-with-dsym";
				ENABLE_NS_ASSERTIONS = NO;
				ENABLE_STRICT_OBJC_MSGSEND = YES;
				ENABLE_USER_SCRIPT_SANDBOXING = YES;
				GCC_C_LANGUAGE_STANDARD = gnu17;
				GCC_NO_COMMON_BLOCKS = YES;
				GCC_WARN_64_TO_32_BIT_CONVERSION = YES;
				GCC_WARN_ABOUT_RETURN_TYPE = YES_ERROR;
				GCC_WARN_UNDECLARED_SELECTOR = YES;
				GCC_WARN_UNINITIALIZED_AUTOS = YES_AGGRESSIVE;
				GCC_WARN_UNUSED_FUNCTION = YES;
				GCC_WARN_UNUSED_VARIABLE = YES;
				IPHONEOS_DEPLOYMENT_TARGET = 18.0;
				LOCALIZATION_PREFERS_STRING_CATALOGS = YES;
				MTL_ENABLE_DEBUG_INFO = NO;
				MTL_FAST_MATH = YES;
				SDKROOT = iphoneos;
				SWIFT_COMPILATION_MODE = wholemodule;
				VALIDATE_PRODUCT = YES;
			};
			name = Release;
		};
		BF2DDD972CD21C1A003B97C4 /* Debug */ = {
			isa = XCBuildConfiguration;
			buildSettings = {
				ASSETCATALOG_COMPILER_APPICON_NAME = AppIcon;
				ASSETCATALOG_COMPILER_GLOBAL_ACCENT_COLOR_NAME = AccentColor;
				CODE_SIGN_STYLE = Automatic;
				CURRENT_PROJECT_VERSION = 1;
				DEVELOPMENT_ASSET_PATHS = "\"BBQuotes17/Preview Content\"";
				DEVELOPMENT_TEAM = T9MD4URZFH;
				ENABLE_PREVIEWS = YES;
				GENERATE_INFOPLIST_FILE = YES;
				INFOPLIST_KEY_UIApplicationSceneManifest_Generation = YES;
				INFOPLIST_KEY_UIApplicationSupportsIndirectInputEvents = YES;
				INFOPLIST_KEY_UILaunchScreen_Generation = YES;
				INFOPLIST_KEY_UISupportedInterfaceOrientations_iPad = "UIInterfaceOrientationPortrait UIInterfaceOrientationPortraitUpsideDown UIInterfaceOrientationLandscapeLeft UIInterfaceOrientationLandscapeRight";
				INFOPLIST_KEY_UISupportedInterfaceOrientations_iPhone = "UIInterfaceOrientationPortrait UIInterfaceOrientationLandscapeLeft UIInterfaceOrientationLandscapeRight";
				LD_RUNPATH_SEARCH_PATHS = (
					"$(inherited)",
					"@executable_path/Frameworks",
				);
				MARKETING_VERSION = 1.0;
				PRODUCT_BUNDLE_IDENTIFIER = com.superkookai.BBQuotes17;
				PRODUCT_NAME = "$(TARGET_NAME)";
				SWIFT_EMIT_LOC_STRINGS = YES;
				SWIFT_VERSION = 5.0;
				TARGETED_DEVICE_FAMILY = "1,2";
			};
			name = Debug;
		};
		BF2DDD982CD21C1A003B97C4 /* Release */ = {
			isa = XCBuildConfiguration;
			buildSettings = {
				ASSETCATALOG_COMPILER_APPICON_NAME = AppIcon;
				ASSETCATALOG_COMPILER_GLOBAL_ACCENT_COLOR_NAME = AccentColor;
				CODE_SIGN_STYLE = Automatic;
				CURRENT_PROJECT_VERSION = 1;
				DEVELOPMENT_ASSET_PATHS = "\"BBQuotes17/Preview Content\"";
				DEVELOPMENT_TEAM = T9MD4URZFH;
				ENABLE_PREVIEWS = YES;
				GENERATE_INFOPLIST_FILE = YES;
				INFOPLIST_KEY_UIApplicationSceneManifest_Generation = YES;
				INFOPLIST_KEY_UIApplicationSupportsIndirectInputEvents = YES;
				INFOPLIST_KEY_UILaunchScreen_Generation = YES;
				INFOPLIST_KEY_UISupportedInterfaceOrientations_iPad = "UIInterfaceOrientationPortrait UIInterfaceOrientationPortraitUpsideDown UIInterfaceOrientationLandscapeLeft UIInterfaceOrientationLandscapeRight";
				INFOPLIST_KEY_UISupportedInterfaceOrientations_iPhone = "UIInterfaceOrientationPortrait UIInterfaceOrientationLandscapeLeft UIInterfaceOrientationLandscapeRight";
				LD_RUNPATH_SEARCH_PATHS = (
					"$(inherited)",
					"@executable_path/Frameworks",
				);
				MARKETING_VERSION = 1.0;
				PRODUCT_BUNDLE_IDENTIFIER = com.superkookai.BBQuotes17;
				PRODUCT_NAME = "$(TARGET_NAME)";
				SWIFT_EMIT_LOC_STRINGS = YES;
				SWIFT_VERSION = 5.0;
				TARGETED_DEVICE_FAMILY = "1,2";
			};
			name = Release;
		};
/* End XCBuildConfiguration section */

/* Begin XCConfigurationList section */
		BF2DDD832CD21C18003B97C4 /* Build configuration list for PBXProject "BBQuotes17" */ = {
			isa = XCConfigurationList;
			buildConfigurations = (
				BF2DDD942CD21C1A003B97C4 /* Debug */,
				BF2DDD952CD21C1A003B97C4 /* Release */,
			);
			defaultConfigurationIsVisible = 0;
			defaultConfigurationName = Release;
		};
		BF2DDD962CD21C1A003B97C4 /* Build configuration list for PBXNativeTarget "BBQuotes17" */ = {
			isa = XCConfigurationList;
			buildConfigurations = (
				BF2DDD972CD21C1A003B97C4 /* Debug */,
				BF2DDD982CD21C1A003B97C4 /* Release */,
			);
			defaultConfigurationIsVisible = 0;
			defaultConfigurationName = Release;
		};
/* End XCConfigurationList section */
	};
	rootObject = BF2DDD802CD21C18003B97C4 /* Project object */;
}
